
Microsoft Visual Studio Solution File, Format Version 12.00
# Visual Studio Version 17
VisualStudioVersion = 17.11.35303.130
MinimumVisualStudioVersion = 10.0.40219.1
Project("{9A19103F-16F7-4668-BE54-9A1E7A4F7556}") = "Valid.Test.Api", "Valid.Test.Api\Valid.Test.Api.csproj", "{47C2BDD0-31E6-4C2B-BD10-3CE438D4D5E4}"
EndProject
Project("{2150E333-8FDC-42A3-9474-1A3956D46DE8}") = "Api", "Api", "{B93ACD27-AC58-4205-B06B-B96C4B0D3E9E}"
EndProject
Project("{2150E333-8FDC-42A3-9474-1A3956D46DE8}") = "Infraestructure", "Infraestructure", "{D1E563EE-2048-4516-B3D3-4FE07AC61DBA}"
EndProject
Project("{2150E333-8FDC-42A3-9474-1A3956D46DE8}") = "Application", "Application", "{58F7B33F-F586-41E6-A4DC-1128B2D2B014}"
EndProject
Project("{2150E333-8FDC-42A3-9474-1A3956D46DE8}") = "Domain", "Domain", "{C6D700F3-99A1-4D68-9101-290CF467DCA0}"
EndProject
Project("{9A19103F-16F7-4668-BE54-9A1E7A4F7556}") = "Valid.Test.Repository", "Valid.Test.Repository\Valid.Test.Repository.csproj", "{62EC5CA8-7BBB-4C08-9884-2A7CC7A9C036}"
EndProject
Project("{9A19103F-16F7-4668-BE54-9A1E7A4F7556}") = "Valid.Test.Domain", "Valid.Test.Domain\Valid.Test.Domain.csproj", "{92D1AE28-4D91-45A9-9500-A37B1FADC379}"
EndProject
Project("{9A19103F-16F7-4668-BE54-9A1E7A4F7556}") = "Valid.Test.Application", "Valid.Test.Application\Valid.Test.Application.csproj", "{BC73E043-E163-4C20-882C-57701D04D61F}"
EndProject
Project("{9A19103F-16F7-4668-BE54-9A1E7A4F7556}") = "Valid.Test.IOC", "Valid.Test.IOC\Valid.Test.IOC.csproj", "{7F03128C-944A-4856-81F0-0689365AA69C}"
EndProject
Project("{9A19103F-16F7-4668-BE54-9A1E7A4F7556}") = "Valid.Test.UOW", "Valid.Test.UOW\Valid.Test.UOW.csproj", "{BE6BBB36-6E65-4C5A-8904-AA77FD39DC8F}"
EndProject
Project("{2150E333-8FDC-42A3-9474-1A3956D46DE8}") = "src", "src", "{499707D1-460B-409C-802D-7E8EF67CB5DD}"
EndProject
Project("{2150E333-8FDC-42A3-9474-1A3956D46DE8}") = "test", "test", "{BE18DBE0-CD0F-4053-B081-05090C9D22DF}"
EndProject
Project("{2150E333-8FDC-42A3-9474-1A3956D46DE8}") = "Application", "Application", "{49334340-0C45-459D-BC50-3D891160703B}"
EndProject
Project("{FAE04EC0-301F-11D3-BF4B-00C04F79EFBC}") = "Valid.Test.Application.Tests", "Valid.Test.Application.Tests\Valid.Test.Application.Tests.csproj", "{BE249AB6-92B1-48C5-A5F7-594281084C39}"
EndProject
Global
	GlobalSection(SolutionConfigurationPlatforms) = preSolution
		Debug|Any CPU = Debug|Any CPU
		Release|Any CPU = Release|Any CPU
	EndGlobalSection
	GlobalSection(ProjectConfigurationPlatforms) = postSolution
		{47C2BDD0-31E6-4C2B-BD10-3CE438D4D5E4}.Debug|Any CPU.ActiveCfg = Debug|Any CPU
		{47C2BDD0-31E6-4C2B-BD10-3CE438D4D5E4}.Debug|Any CPU.Build.0 = Debug|Any CPU
		{47C2BDD0-31E6-4C2B-BD10-3CE438D4D5E4}.Release|Any CPU.ActiveCfg = Release|Any CPU
		{47C2BDD0-31E6-4C2B-BD10-3CE438D4D5E4}.Release|Any CPU.Build.0 = Release|Any CPU
		{62EC5CA8-7BBB-4C08-9884-2A7CC7A9C036}.Debug|Any CPU.ActiveCfg = Debug|Any CPU
		{62EC5CA8-7BBB-4C08-9884-2A7CC7A9C036}.Debug|Any CPU.Build.0 = Debug|Any CPU
		{62EC5CA8-7BBB-4C08-9884-2A7CC7A9C036}.Release|Any CPU.ActiveCfg = Release|Any CPU
		{62EC5CA8-7BBB-4C08-9884-2A7CC7A9C036}.Release|Any CPU.Build.0 = Release|Any CPU
		{92D1AE28-4D91-45A9-9500-A37B1FADC379}.Debug|Any CPU.ActiveCfg = Debug|Any CPU
		{92D1AE28-4D91-45A9-9500-A37B1FADC379}.Debug|Any CPU.Build.0 = Debug|Any CPU
		{92D1AE28-4D91-45A9-9500-A37B1FADC379}.Release|Any CPU.ActiveCfg = Release|Any CPU
		{92D1AE28-4D91-45A9-9500-A37B1FADC379}.Release|Any CPU.Build.0 = Release|Any CPU
		{BC73E043-E163-4C20-882C-57701D04D61F}.Debug|Any CPU.ActiveCfg = Debug|Any CPU
		{BC73E043-E163-4C20-882C-57701D04D61F}.Debug|Any CPU.Build.0 = Debug|Any CPU
		{BC73E043-E163-4C20-882C-57701D04D61F}.Release|Any CPU.ActiveCfg = Release|Any CPU
		{BC73E043-E163-4C20-882C-57701D04D61F}.Release|Any CPU.Build.0 = Release|Any CPU
		{7F03128C-944A-4856-81F0-0689365AA69C}.Debug|Any CPU.ActiveCfg = Debug|Any CPU
		{7F03128C-944A-4856-81F0-0689365AA69C}.Debug|Any CPU.Build.0 = Debug|Any CPU
		{7F03128C-944A-4856-81F0-0689365AA69C}.Release|Any CPU.ActiveCfg = Release|Any CPU
		{7F03128C-944A-4856-81F0-0689365AA69C}.Release|Any CPU.Build.0 = Release|Any CPU
		{BE6BBB36-6E65-4C5A-8904-AA77FD39DC8F}.Debug|Any CPU.ActiveCfg = Debug|Any CPU
		{BE6BBB36-6E65-4C5A-8904-AA77FD39DC8F}.Debug|Any CPU.Build.0 = Debug|Any CPU
		{BE6BBB36-6E65-4C5A-8904-AA77FD39DC8F}.Release|Any CPU.ActiveCfg = Release|Any CPU
		{BE6BBB36-6E65-4C5A-8904-AA77FD39DC8F}.Release|Any CPU.Build.0 = Release|Any CPU
		{BE249AB6-92B1-48C5-A5F7-594281084C39}.Debug|Any CPU.ActiveCfg = Debug|Any CPU
		{BE249AB6-92B1-48C5-A5F7-594281084C39}.Debug|Any CPU.Build.0 = Debug|Any CPU
		{BE249AB6-92B1-48C5-A5F7-594281084C39}.Release|Any CPU.ActiveCfg = Release|Any CPU
		{BE249AB6-92B1-48C5-A5F7-594281084C39}.Release|Any CPU.Build.0 = Release|Any CPU
	EndGlobalSection
	GlobalSection(SolutionProperties) = preSolution
		HideSolutionNode = FALSE
	EndGlobalSection
	GlobalSection(NestedProjects) = preSolution
		{47C2BDD0-31E6-4C2B-BD10-3CE438D4D5E4} = {B93ACD27-AC58-4205-B06B-B96C4B0D3E9E}
		{B93ACD27-AC58-4205-B06B-B96C4B0D3E9E} = {499707D1-460B-409C-802D-7E8EF67CB5DD}
		{D1E563EE-2048-4516-B3D3-4FE07AC61DBA} = {499707D1-460B-409C-802D-7E8EF67CB5DD}
		{58F7B33F-F586-41E6-A4DC-1128B2D2B014} = {499707D1-460B-409C-802D-7E8EF67CB5DD}
		{C6D700F3-99A1-4D68-9101-290CF467DCA0} = {499707D1-460B-409C-802D-7E8EF67CB5DD}
		{62EC5CA8-7BBB-4C08-9884-2A7CC7A9C036} = {D1E563EE-2048-4516-B3D3-4FE07AC61DBA}
		{92D1AE28-4D91-45A9-9500-A37B1FADC379} = {C6D700F3-99A1-4D68-9101-290CF467DCA0}
		{BC73E043-E163-4C20-882C-57701D04D61F} = {58F7B33F-F586-41E6-A4DC-1128B2D2B014}
		{7F03128C-944A-4856-81F0-0689365AA69C} = {D1E563EE-2048-4516-B3D3-4FE07AC61DBA}
		{BE6BBB36-6E65-4C5A-8904-AA77FD39DC8F} = {D1E563EE-2048-4516-B3D3-4FE07AC61DBA}
		{49334340-0C45-459D-BC50-3D891160703B} = {BE18DBE0-CD0F-4053-B081-05090C9D22DF}
		{BE249AB6-92B1-48C5-A5F7-594281084C39} = {49334340-0C45-459D-BC50-3D891160703B}
	EndGlobalSection
	GlobalSection(ExtensibilityGlobals) = postSolution
		SolutionGuid = {89325DE7-8D9A-4674-8D4B-18D9AFEAA578}
	EndGlobalSection
EndGlobal
